
Microsoft Visual Studio Solution File, Format Version 12.00
# Visual Studio Version 17
VisualStudioVersion = 17.11.35327.3
MinimumVisualStudioVersion = 10.0.40219.1
Project("{2150E333-8FDC-42A3-9474-1A3956D46DE8}") = "Bootstrapper", "Bootstrapper", "{061DFB55-6BFC-447A-A8E1-9BF4D882095E}"
EndProject
Project("{2150E333-8FDC-42A3-9474-1A3956D46DE8}") = "Modules", "Modules", "{4EACD73F-CAB5-430C-B540-419D67275E92}"
EndProject
Project("{2150E333-8FDC-42A3-9474-1A3956D46DE8}") = "Shared", "Shared", "{DFA77EE3-876F-41B6-BAF7-8399F8917EDE}"
EndProject
Project("{FAE04EC0-301F-11D3-BF4B-00C04F79EFBC}") = "Api", "Bootstrapper\Api\Api.csproj", "{51D42A3D-941B-40FD-8666-A5B053F6FA54}"
EndProject
Project("{2150E333-8FDC-42A3-9474-1A3956D46DE8}") = "Catalog", "Catalog", "{A6E49BCB-01FD-4C6F-A98A-068256A250F9}"
EndProject
Project("{2150E333-8FDC-42A3-9474-1A3956D46DE8}") = "Basket", "Basket", "{B48B572F-FD68-4419-A163-D6047C572DF7}"
EndProject
Project("{2150E333-8FDC-42A3-9474-1A3956D46DE8}") = "Ordering", "Ordering", "{99EB3DB4-911D-4D5F-9383-6023E0F92DA6}"
EndProject
Project("{FAE04EC0-301F-11D3-BF4B-00C04F79EFBC}") = "Catalog", "Modules\Catalog\Catalog\Catalog.csproj", "{53F07EC3-2C5E-4D41-9B13-37F598B49DBE}"
EndProject
Project("{FAE04EC0-301F-11D3-BF4B-00C04F79EFBC}") = "Basket", "Modules\Basket\Basket\Basket.csproj", "{8A75B77A-3B51-497F-BD12-42EDC52E77EA}"
EndProject
Project("{FAE04EC0-301F-11D3-BF4B-00C04F79EFBC}") = "Ordering", "Modules\Ordering\Ordering\Ordering.csproj", "{17E94DF6-E771-4914-8D38-667C67BA0AD8}"
EndProject
Project("{FAE04EC0-301F-11D3-BF4B-00C04F79EFBC}") = "Shared", "Shared\Shared\Shared.csproj", "{A731BA19-D637-45A8-B9CC-3EB514C61F54}"
EndProject
Global
	GlobalSection(SolutionConfigurationPlatforms) = preSolution
		Debug|Any CPU = Debug|Any CPU
		Release|Any CPU = Release|Any CPU
	EndGlobalSection
	GlobalSection(ProjectConfigurationPlatforms) = postSolution
		{51D42A3D-941B-40FD-8666-A5B053F6FA54}.Debug|Any CPU.ActiveCfg = Debug|Any CPU
		{51D42A3D-941B-40FD-8666-A5B053F6FA54}.Debug|Any CPU.Build.0 = Debug|Any CPU
		{51D42A3D-941B-40FD-8666-A5B053F6FA54}.Release|Any CPU.ActiveCfg = Release|Any CPU
		{51D42A3D-941B-40FD-8666-A5B053F6FA54}.Release|Any CPU.Build.0 = Release|Any CPU
		{53F07EC3-2C5E-4D41-9B13-37F598B49DBE}.Debug|Any CPU.ActiveCfg = Debug|Any CPU
		{53F07EC3-2C5E-4D41-9B13-37F598B49DBE}.Debug|Any CPU.Build.0 = Debug|Any CPU
		{53F07EC3-2C5E-4D41-9B13-37F598B49DBE}.Release|Any CPU.ActiveCfg = Release|Any CPU
		{53F07EC3-2C5E-4D41-9B13-37F598B49DBE}.Release|Any CPU.Build.0 = Release|Any CPU
		{8A75B77A-3B51-497F-BD12-42EDC52E77EA}.Debug|Any CPU.ActiveCfg = Debug|Any CPU
		{8A75B77A-3B51-497F-BD12-42EDC52E77EA}.Debug|Any CPU.Build.0 = Debug|Any CPU
		{8A75B77A-3B51-497F-BD12-42EDC52E77EA}.Release|Any CPU.ActiveCfg = Release|Any CPU
		{8A75B77A-3B51-497F-BD12-42EDC52E77EA}.Release|Any CPU.Build.0 = Release|Any CPU
		{17E94DF6-E771-4914-8D38-667C67BA0AD8}.Debug|Any CPU.ActiveCfg = Debug|Any CPU
		{17E94DF6-E771-4914-8D38-667C67BA0AD8}.Debug|Any CPU.Build.0 = Debug|Any CPU
		{17E94DF6-E771-4914-8D38-667C67BA0AD8}.Release|Any CPU.ActiveCfg = Release|Any CPU
		{17E94DF6-E771-4914-8D38-667C67BA0AD8}.Release|Any CPU.Build.0 = Release|Any CPU
		{A731BA19-D637-45A8-B9CC-3EB514C61F54}.Debug|Any CPU.ActiveCfg = Debug|Any CPU
		{A731BA19-D637-45A8-B9CC-3EB514C61F54}.Debug|Any CPU.Build.0 = Debug|Any CPU
		{A731BA19-D637-45A8-B9CC-3EB514C61F54}.Release|Any CPU.ActiveCfg = Release|Any CPU
		{A731BA19-D637-45A8-B9CC-3EB514C61F54}.Release|Any CPU.Build.0 = Release|Any CPU
	EndGlobalSection
	GlobalSection(SolutionProperties) = preSolution
		HideSolutionNode = FALSE
	EndGlobalSection
	GlobalSection(NestedProjects) = preSolution
		{51D42A3D-941B-40FD-8666-A5B053F6FA54} = {061DFB55-6BFC-447A-A8E1-9BF4D882095E}
		{A6E49BCB-01FD-4C6F-A98A-068256A250F9} = {4EACD73F-CAB5-430C-B540-419D67275E92}
		{B48B572F-FD68-4419-A163-D6047C572DF7} = {4EACD73F-CAB5-430C-B540-419D67275E92}
		{99EB3DB4-911D-4D5F-9383-6023E0F92DA6} = {4EACD73F-CAB5-430C-B540-419D67275E92}
		{53F07EC3-2C5E-4D41-9B13-37F598B49DBE} = {A6E49BCB-01FD-4C6F-A98A-068256A250F9}
		{8A75B77A-3B51-497F-BD12-42EDC52E77EA} = {B48B572F-FD68-4419-A163-D6047C572DF7}
		{17E94DF6-E771-4914-8D38-667C67BA0AD8} = {99EB3DB4-911D-4D5F-9383-6023E0F92DA6}
		{A731BA19-D637-45A8-B9CC-3EB514C61F54} = {DFA77EE3-876F-41B6-BAF7-8399F8917EDE}
	EndGlobalSection
	GlobalSection(ExtensibilityGlobals) = postSolution
		SolutionGuid = {5060A5FA-676A-45E5-8FE3-7B5C7F0C5BDA}
	EndGlobalSection
EndGlobal
